
Microsoft Visual Studio Solution File, Format Version 12.00
# Visual Studio Version 16
VisualStudioVersion = 16.0.31019.35
MinimumVisualStudioVersion = 10.0.40219.1
Project("{00D1A9C2-B5F0-4AF3-8072-F6C62B433612}") = "LightningTalk", "LightningTalk\LightningTalk.sqlproj", "{5F2B4EA9-077E-41AD-85FE-25CBF32D5324}"
EndProject
Global
	GlobalSection(SolutionConfigurationPlatforms) = preSolution
		Debug|Any CPU = Debug|Any CPU
		Release|Any CPU = Release|Any CPU
	EndGlobalSection
	GlobalSection(ProjectConfigurationPlatforms) = postSolution
		{5F2B4EA9-077E-41AD-85FE-25CBF32D5324}.Debug|Any CPU.ActiveCfg = Debug|Any CPU
		{5F2B4EA9-077E-41AD-85FE-25CBF32D5324}.Debug|Any CPU.Build.0 = Debug|Any CPU
		{5F2B4EA9-077E-41AD-85FE-25CBF32D5324}.Debug|Any CPU.Deploy.0 = Debug|Any CPU
		{5F2B4EA9-077E-41AD-85FE-25CBF32D5324}.Release|Any CPU.ActiveCfg = Release|Any CPU
		{5F2B4EA9-077E-41AD-85FE-25CBF32D5324}.Release|Any CPU.Build.0 = Release|Any CPU
		{5F2B4EA9-077E-41AD-85FE-25CBF32D5324}.Release|Any CPU.Deploy.0 = Release|Any CPU
	EndGlobalSection
	GlobalSection(SolutionProperties) = preSolution
		HideSolutionNode = FALSE
	EndGlobalSection
	GlobalSection(ExtensibilityGlobals) = postSolution
		SolutionGuid = {5072650C-0A38-4E0A-9603-83F2FFD837B0}
	EndGlobalSection
EndGlobal
